// !$*UTF8*$!
{
	archiveVersion = 1;
	classes = {
	};
	objectVersion = 56;
	objects = {

/* Begin PBXBuildFile section */
		5DE0D902290C1CFA00DCDC37 /* AppDelegate.swift in Sources */ = {isa = PBXBuildFile; fileRef = 5DE0D901290C1CFA00DCDC37 /* AppDelegate.swift */; };
		5DE0D904290C1CFB00DCDC37 /* SceneDelegate.swift in Sources */ = {isa = PBXBuildFile; fileRef = 5DE0D903290C1CFB00DCDC37 /* SceneDelegate.swift */; };
		5DE0D90B290C1CFB00DCDC37 /* Assets.xcassets in Resources */ = {isa = PBXBuildFile; fileRef = 5DE0D90A290C1CFB00DCDC37 /* Assets.xcassets */; };
		5DE0D90E290C1CFB00DCDC37 /* LaunchScreen.storyboard in Resources */ = {isa = PBXBuildFile; fileRef = 5DE0D90C290C1CFB00DCDC37 /* LaunchScreen.storyboard */; };
		5DE0D916290C1D0F00DCDC37 /* View.swift in Sources */ = {isa = PBXBuildFile; fileRef = 5DE0D915290C1D0F00DCDC37 /* View.swift */; };
		5DE0D918290C1D1F00DCDC37 /* Interactor.swift in Sources */ = {isa = PBXBuildFile; fileRef = 5DE0D917290C1D1F00DCDC37 /* Interactor.swift */; };
		5DE0D91A290C1D2900DCDC37 /* Presenter.swift in Sources */ = {isa = PBXBuildFile; fileRef = 5DE0D919290C1D2900DCDC37 /* Presenter.swift */; };
		5DE0D91C290C1D3200DCDC37 /* Entity.swift in Sources */ = {isa = PBXBuildFile; fileRef = 5DE0D91B290C1D3200DCDC37 /* Entity.swift */; };
		5DE0D91E290C1D3A00DCDC37 /* Router.swift in Sources */ = {isa = PBXBuildFile; fileRef = 5DE0D91D290C1D3A00DCDC37 /* Router.swift */; };
/* End PBXBuildFile section */

/* Begin PBXFileReference section */
		5DE0D8FE290C1CFA00DCDC37 /* Kripto VIPER.app */ = {isa = PBXFileReference; explicitFileType = wrapper.application; includeInIndex = 0; path = "Kripto VIPER.app"; sourceTree = BUILT_PRODUCTS_DIR; };
		5DE0D901290C1CFA00DCDC37 /* AppDelegate.swift */ = {isa = PBXFileReference; lastKnownFileType = sourcecode.swift; path = AppDelegate.swift; sourceTree = "<group>"; };
		5DE0D903290C1CFB00DCDC37 /* SceneDelegate.swift */ = {isa = PBXFileReference; lastKnownFileType = sourcecode.swift; path = SceneDelegate.swift; sourceTree = "<group>"; };
		5DE0D90A290C1CFB00DCDC37 /* Assets.xcassets */ = {isa = PBXFileReference; lastKnownFileType = folder.assetcatalog; path = Assets.xcassets; sourceTree = "<group>"; };
		5DE0D90D290C1CFB00DCDC37 /* Base */ = {isa = PBXFileReference; lastKnownFileType = file.storyboard; name = Base; path = Base.lproj/LaunchScreen.storyboard; sourceTree = "<group>"; };
		5DE0D90F290C1CFB00DCDC37 /* Info.plist */ = {isa = PBXFileReference; lastKnownFileType = text.plist.xml; path = Info.plist; sourceTree = "<group>"; };
		5DE0D915290C1D0F00DCDC37 /* View.swift */ = {isa = PBXFileReference; lastKnownFileType = sourcecode.swift; path = View.swift; sourceTree = "<group>"; };
		5DE0D917290C1D1F00DCDC37 /* Interactor.swift */ = {isa = PBXFileReference; lastKnownFileType = sourcecode.swift; path = Interactor.swift; sourceTree = "<group>"; };
		5DE0D919290C1D2900DCDC37 /* Presenter.swift */ = {isa = PBXFileReference; lastKnownFileType = sourcecode.swift; path = Presenter.swift; sourceTree = "<group>"; };
		5DE0D91B290C1D3200DCDC37 /* Entity.swift */ = {isa = PBXFileReference; lastKnownFileType = sourcecode.swift; path = Entity.swift; sourceTree = "<group>"; };
		5DE0D91D290C1D3A00DCDC37 /* Router.swift */ = {isa = PBXFileReference; lastKnownFileType = sourcecode.swift; path = Router.swift; sourceTree = "<group>"; };
/* End PBXFileReference section */

/* Begin PBXFrameworksBuildPhase section */
		5DE0D8FB290C1CFA00DCDC37 /* Frameworks */ = {
			isa = PBXFrameworksBuildPhase;
			buildActionMask = 2147483647;
			files = (
			);
			runOnlyForDeploymentPostprocessing = 0;
		};
/* End PBXFrameworksBuildPhase section */

/* Begin PBXGroup section */
		5DE0D8F5290C1CFA00DCDC37 = {
			isa = PBXGroup;
			children = (
				5DE0D900290C1CFA00DCDC37 /* Kripto VIPER */,
				5DE0D8FF290C1CFA00DCDC37 /* Products */,
			);
			sourceTree = "<group>";
		};
		5DE0D8FF290C1CFA00DCDC37 /* Products */ = {
			isa = PBXGroup;
			children = (
				5DE0D8FE290C1CFA00DCDC37 /* Kripto VIPER.app */,
			);
			name = Products;
			sourceTree = "<group>";
		};
		5DE0D900290C1CFA00DCDC37 /* Kripto VIPER */ = {
			isa = PBXGroup;
			children = (
				5DE0D901290C1CFA00DCDC37 /* AppDelegate.swift */,
				5DE0D903290C1CFB00DCDC37 /* SceneDelegate.swift */,
				5DE0D90A290C1CFB00DCDC37 /* Assets.xcassets */,
				5DE0D90C290C1CFB00DCDC37 /* LaunchScreen.storyboard */,
				5DE0D90F290C1CFB00DCDC37 /* Info.plist */,
				5DE0D915290C1D0F00DCDC37 /* View.swift */,
				5DE0D917290C1D1F00DCDC37 /* Interactor.swift */,
				5DE0D919290C1D2900DCDC37 /* Presenter.swift */,
				5DE0D91B290C1D3200DCDC37 /* Entity.swift */,
				5DE0D91D290C1D3A00DCDC37 /* Router.swift */,
			);
			path = "Kripto VIPER";
			sourceTree = "<group>";
		};
/* End PBXGroup section */

/* Begin PBXNativeTarget section */
		5DE0D8FD290C1CFA00DCDC37 /* Kripto VIPER */ = {
			isa = PBXNativeTarget;
			buildConfigurationList = 5DE0D912290C1CFB00DCDC37 /* Build configuration list for PBXNativeTarget "Kripto VIPER" */;
			buildPhases = (
				5DE0D8FA290C1CFA00DCDC37 /* Sources */,
				5DE0D8FB290C1CFA00DCDC37 /* Frameworks */,
				5DE0D8FC290C1CFA00DCDC37 /* Resources */,
			);
			buildRules = (
			);
			dependencies = (
			);
			name = "Kripto VIPER";
			productName = "Kripto VIPER";
			productReference = 5DE0D8FE290C1CFA00DCDC37 /* Kripto VIPER.app */;
			productType = "com.apple.product-type.application";
		};
/* End PBXNativeTarget section */

/* Begin PBXProject section */
		5DE0D8F6290C1CFA00DCDC37 /* Project object */ = {
			isa = PBXProject;
			attributes = {
				BuildIndependentTargetsInParallel = 1;
				LastSwiftUpdateCheck = 1400;
				LastUpgradeCheck = 1400;
				TargetAttributes = {
					5DE0D8FD290C1CFA00DCDC37 = {
						CreatedOnToolsVersion = 14.0.1;
					};
				};
			};
			buildConfigurationList = 5DE0D8F9290C1CFA00DCDC37 /* Build configuration list for PBXProject "Kripto VIPER" */;
			compatibilityVersion = "Xcode 14.0";
			developmentRegion = en;
			hasScannedForEncodings = 0;
			knownRegions = (
				en,
				Base,
			);
			mainGroup = 5DE0D8F5290C1CFA00DCDC37;
			productRefGroup = 5DE0D8FF290C1CFA00DCDC37 /* Products */;
			projectDirPath = "";
			projectRoot = "";
			targets = (
				5DE0D8FD290C1CFA00DCDC37 /* Kripto VIPER */,
			);
		};
/* End PBXProject section */

/* Begin PBXResourcesBuildPhase section */
		5DE0D8FC290C1CFA00DCDC37 /* Resources */ = {
			isa = PBXResourcesBuildPhase;
			buildActionMask = 2147483647;
			files = (
				5DE0D90E290C1CFB00DCDC37 /* LaunchScreen.storyboard in Resources */,
				5DE0D90B290C1CFB00DCDC37 /* Assets.xcassets in Resources */,
			);
			runOnlyForDeploymentPostprocessing = 0;
		};
/* End PBXResourcesBuildPhase section */

/* Begin PBXSourcesBuildPhase section */
		5DE0D8FA290C1CFA00DCDC37 /* Sources */ = {
			isa = PBXSourcesBuildPhase;
			buildActionMask = 2147483647;
			files = (
				5DE0D902290C1CFA00DCDC37 /* AppDelegate.swift in Sources */,
				5DE0D904290C1CFB00DCDC37 /* SceneDelegate.swift in Sources */,
				5DE0D91C290C1D3200DCDC37 /* Entity.swift in Sources */,
				5DE0D91E290C1D3A00DCDC37 /* Router.swift in Sources */,
				5DE0D918290C1D1F00DCDC37 /* Interactor.swift in Sources */,
				5DE0D916290C1D0F00DCDC37 /* View.swift in Sources */,
				5DE0D91A290C1D2900DCDC37 /* Presenter.swift in Sources */,
			);
			runOnlyForDeploymentPostprocessing = 0;
		};
/* End PBXSourcesBuildPhase section */

/* Begin PBXVariantGroup section */
		5DE0D90C290C1CFB00DCDC37 /* LaunchScreen.storyboard */ = {
			isa = PBXVariantGroup;
			children = (
				5DE0D90D290C1CFB00DCDC37 /* Base */,
			);
			name = LaunchScreen.storyboard;
			sourceTree = "<group>";
		};
/* End PBXVariantGroup section */

/* Begin XCBuildConfiguration section */
		5DE0D910290C1CFB00DCDC37 /* Debug */ = {
			isa = XCBuildConfiguration;
			buildSettings = {
				ALWAYS_SEARCH_USER_PATHS = NO;
				CLANG_ANALYZER_NONNULL = YES;
				CLANG_ANALYZER_NUMBER_OBJECT_CONVERSION = YES_AGGRESSIVE;
				CLANG_CXX_LANGUAGE_STANDARD = "gnu++20";
				CLANG_ENABLE_MODULES = YES;
				CLANG_ENABLE_OBJC_ARC = YES;
				CLANG_ENABLE_OBJC_WEAK = YES;
				CLANG_WARN_BLOCK_CAPTURE_AUTORELEASING = YES;
				CLANG_WARN_BOOL_CONVERSION = YES;
				CLANG_WARN_COMMA = YES;
				CLANG_WARN_CONSTANT_CONVERSION = YES;
				CLANG_WARN_DEPRECATED_OBJC_IMPLEMENTATIONS = YES;
				CLANG_WARN_DIRECT_OBJC_ISA_USAGE = YES_ERROR;
				CLANG_WARN_DOCUMENTATION_COMMENTS = YES;
				CLANG_WARN_EMPTY_BODY = YES;
				CLANG_WARN_ENUM_CONVERSION = YES;
				CLANG_WARN_INFINITE_RECURSION = YES;
				CLANG_WARN_INT_CONVERSION = YES;
				CLANG_WARN_NON_LITERAL_NULL_CONVERSION = YES;
				CLANG_WARN_OBJC_IMPLICIT_RETAIN_SELF = YES;
				CLANG_WARN_OBJC_LITERAL_CONVERSION = YES;
				CLANG_WARN_OBJC_ROOT_CLASS = YES_ERROR;
				CLANG_WARN_QUOTED_INCLUDE_IN_FRAMEWORK_HEADER = YES;
				CLANG_WARN_RANGE_LOOP_ANALYSIS = YES;
				CLANG_WARN_STRICT_PROTOTYPES = YES;
				CLANG_WARN_SUSPICIOUS_MOVE = YES;
				CLANG_WARN_UNGUARDED_AVAILABILITY = YES_AGGRESSIVE;
				CLANG_WARN_UNREACHABLE_CODE = YES;
				CLANG_WARN__DUPLICATE_METHOD_MATCH = YES;
				COPY_PHASE_STRIP = NO;
				DEBUG_INFORMATION_FORMAT = dwarf;
				ENABLE_STRICT_OBJC_MSGSEND = YES;
				ENABLE_TESTABILITY = YES;
				GCC_C_LANGUAGE_STANDARD = gnu11;
				GCC_DYNAMIC_NO_PIC = NO;
				GCC_NO_COMMON_BLOCKS = YES;
				GCC_OPTIMIZATION_LEVEL = 0;
				GCC_PREPROCESSOR_DEFINITIONS = (
					"DEBUG=1",
					"$(inherited)",
				);
				GCC_WARN_64_TO_32_BIT_CONVERSION = YES;
				GCC_WARN_ABOUT_RETURN_TYPE = YES_ERROR;
				GCC_WARN_UNDECLARED_SELECTOR = YES;
				GCC_WARN_UNINITIALIZED_AUTOS = YES_AGGRESSIVE;
				GCC_WARN_UNUSED_FUNCTION = YES;
				GCC_WARN_UNUSED_VARIABLE = YES;
				IPHONEOS_DEPLOYMENT_TARGET = 16.0;
				MTL_ENABLE_DEBUG_INFO = INCLUDE_SOURCE;
				MTL_FAST_MATH = YES;
				ONLY_ACTIVE_ARCH = YES;
				SDKROOT = iphoneos;
				SWIFT_ACTIVE_COMPILATION_CONDITIONS = DEBUG;
				SWIFT_OPTIMIZATION_LEVEL = "-Onone";
			};
			name = Debug;
		};
		5DE0D911290C1CFB00DCDC37 /* Release */ = {
			isa = XCBuildConfiguration;
			buildSettings = {
				ALWAYS_SEARCH_USER_PATHS = NO;
				CLANG_ANALYZER_NONNULL = YES;
				CLANG_ANALYZER_NUMBER_OBJECT_CONVERSION = YES_AGGRESSIVE;
				CLANG_CXX_LANGUAGE_STANDARD = "gnu++20";
				CLANG_ENABLE_MODULES = YES;
				CLANG_ENABLE_OBJC_ARC = YES;
				CLANG_ENABLE_OBJC_WEAK = YES;
				CLANG_WARN_BLOCK_CAPTURE_AUTORELEASING = YES;
				CLANG_WARN_BOOL_CONVERSION = YES;
				CLANG_WARN_COMMA = YES;
				CLANG_WARN_CONSTANT_CONVERSION = YES;
				CLANG_WARN_DEPRECATED_OBJC_IMPLEMENTATIONS = YES;
				CLANG_WARN_DIRECT_OBJC_ISA_USAGE = YES_ERROR;
				CLANG_WARN_DOCUMENTATION_COMMENTS = YES;
				CLANG_WARN_EMPTY_BODY = YES;
				CLANG_WARN_ENUM_CONVERSION = YES;
				CLANG_WARN_INFINITE_RECURSION = YES;
				CLANG_WARN_INT_CONVERSION = YES;
				CLANG_WARN_NON_LITERAL_NULL_CONVERSION = YES;
				CLANG_WARN_OBJC_IMPLICIT_RETAIN_SELF = YES;
				CLANG_WARN_OBJC_LITERAL_CONVERSION = YES;
				CLANG_WARN_OBJC_ROOT_CLASS = YES_ERROR;
				CLANG_WARN_QUOTED_INCLUDE_IN_FRAMEWORK_HEADER = YES;
				CLANG_WARN_RANGE_LOOP_ANALYSIS = YES;
				CLANG_WARN_STRICT_PROTOTYPES = YES;
				CLANG_WARN_SUSPICIOUS_MOVE = YES;
				CLANG_WARN_UNGUARDED_AVAILABILITY = YES_AGGRESSIVE;
				CLANG_WARN_UNREACHABLE_CODE = YES;
				CLANG_WARN__DUPLICATE_METHOD_MATCH = YES;
				COPY_PHASE_STRIP = NO;
				DEBUG_INFORMATION_FORMAT = "dwarf-with-dsym";
				ENABLE_NS_ASSERTIONS = NO;
				ENABLE_STRICT_OBJC_MSGSEND = YES;
				GCC_C_LANGUAGE_STANDARD = gnu11;
				GCC_NO_COMMON_BLOCKS = YES;
				GCC_WARN_64_TO_32_BIT_CONVERSION = YES;
				GCC_WARN_ABOUT_RETURN_TYPE = YES_ERROR;
				GCC_WARN_UNDECLARED_SELECTOR = YES;
				GCC_WARN_UNINITIALIZED_AUTOS = YES_AGGRESSIVE;
				GCC_WARN_UNUSED_FUNCTION = YES;
				GCC_WARN_UNUSED_VARIABLE = YES;
				IPHONEOS_DEPLOYMENT_TARGET = 16.0;
				MTL_ENABLE_DEBUG_INFO = NO;
				MTL_FAST_MATH = YES;
				SDKROOT = iphoneos;
				SWIFT_COMPILATION_MODE = wholemodule;
				SWIFT_OPTIMIZATION_LEVEL = "-O";
				VALIDATE_PRODUCT = YES;
			};
			name = Release;
		};
		5DE0D913290C1CFB00DCDC37 /* Debug */ = {
			isa = XCBuildConfiguration;
			buildSettings = {
				ASSETCATALOG_COMPILER_APPICON_NAME = AppIcon;
				ASSETCATALOG_COMPILER_GLOBAL_ACCENT_COLOR_NAME = AccentColor;
				CODE_SIGN_STYLE = Automatic;
				CURRENT_PROJECT_VERSION = 1;
				DEVELOPMENT_TEAM = 98S838N7Z3;
				GENERATE_INFOPLIST_FILE = YES;
				INFOPLIST_FILE = "Kripto VIPER/Info.plist";
				INFOPLIST_KEY_UIApplicationSupportsIndirectInputEvents = YES;
				INFOPLIST_KEY_UILaunchStoryboardName = LaunchScreen;
				INFOPLIST_KEY_UIMainStoryboardFile = "";
				INFOPLIST_KEY_UIStatusBarStyle = "";
				INFOPLIST_KEY_UISupportedInterfaceOrientations_iPad = "UIInterfaceOrientationPortrait UIInterfaceOrientationPortraitUpsideDown UIInterfaceOrientationLandscapeLeft UIInterfaceOrientationLandscapeRight";
				INFOPLIST_KEY_UISupportedInterfaceOrientations_iPhone = "UIInterfaceOrientationPortrait UIInterfaceOrientationLandscapeLeft UIInterfaceOrientationLandscapeRight";
				LD_RUNPATH_SEARCH_PATHS = (
					"$(inherited)",
					"@executable_path/Frameworks",
				);
				MARKETING_VERSION = 1.0;
				PRODUCT_BUNDLE_IDENTIFIER = "com.noyancepikkurt.Kripto-VIPER";
				PRODUCT_NAME = "$(TARGET_NAME)";
				SWIFT_EMIT_LOC_STRINGS = YES;
				SWIFT_VERSION = 5.0;
				TARGETED_DEVICE_FAMILY = "1,2";
			};
			name = Debug;
		};
		5DE0D914290C1CFB00DCDC37 /* Release */ = {
			isa = XCBuildConfiguration;
			buildSettings = {
				ASSETCATALOG_COMPILER_APPICON_NAME = AppIcon;
				ASSETCATALOG_COMPILER_GLOBAL_ACCENT_COLOR_NAME = AccentColor;
				CODE_SIGN_STYLE = Automatic;
				CURRENT_PROJECT_VERSION = 1;
				DEVELOPMENT_TEAM = 98S838N7Z3;
				GENERATE_INFOPLIST_FILE = YES;
				INFOPLIST_FILE = "Kripto VIPER/Info.plist";
				INFOPLIST_KEY_UIApplicationSupportsIndirectInputEvents = YES;
				INFOPLIST_KEY_UILaunchStoryboardName = LaunchScreen;
				INFOPLIST_KEY_UIMainStoryboardFile = "";
				INFOPLIST_KEY_UIStatusBarStyle = "";
				INFOPLIST_KEY_UISupportedInterfaceOrientations_iPad = "UIInterfaceOrientationPortrait UIInterfaceOrientationPortraitUpsideDown UIInterfaceOrientationLandscapeLeft UIInterfaceOrientationLandscapeRight";
				INFOPLIST_KEY_UISupportedInterfaceOrientations_iPhone = "UIInterfaceOrientationPortrait UIInterfaceOrientationLandscapeLeft UIInterfaceOrientationLandscapeRight";
				LD_RUNPATH_SEARCH_PATHS = (
					"$(inherited)",
					"@executable_path/Frameworks",
				);
				MARKETING_VERSION = 1.0;
				PRODUCT_BUNDLE_IDENTIFIER = "com.noyancepikkurt.Kripto-VIPER";
				PRODUCT_NAME = "$(TARGET_NAME)";
				SWIFT_EMIT_LOC_STRINGS = YES;
				SWIFT_VERSION = 5.0;
				TARGETED_DEVICE_FAMILY = "1,2";
			};
			name = Release;
		};
/* End XCBuildConfiguration section */

/* Begin XCConfigurationList section */
		5DE0D8F9290C1CFA00DCDC37 /* Build configuration list for PBXProject "Kripto VIPER" */ = {
			isa = XCConfigurationList;
			buildConfigurations = (
				5DE0D910290C1CFB00DCDC37 /* Debug */,
				5DE0D911290C1CFB00DCDC37 /* Release */,
			);
			defaultConfigurationIsVisible = 0;
			defaultConfigurationName = Release;
		};
		5DE0D912290C1CFB00DCDC37 /* Build configuration list for PBXNativeTarget "Kripto VIPER" */ = {
			isa = XCConfigurationList;
			buildConfigurations = (
				5DE0D913290C1CFB00DCDC37 /* Debug */,
				5DE0D914290C1CFB00DCDC37 /* Release */,
			);
			defaultConfigurationIsVisible = 0;
			defaultConfigurationName = Release;
		};
/* End XCConfigurationList section */
	};
	rootObject = 5DE0D8F6290C1CFA00DCDC37 /* Project object */;
}
